
Microsoft Visual Studio Solution File, Format Version 12.00
# Visual Studio Version 17
VisualStudioVersion = 17.9.34701.34
MinimumVisualStudioVersion = 10.0.40219.1
Project("{FAE04EC0-301F-11D3-BF4B-00C04F79EFBC}") = "QLYCafe", "QLYCafe\QLYCafe.csproj", "{A6DA5A77-5EFD-48B0-BB81-4129E59412BD}"
EndProject
Global
	GlobalSection(SolutionConfigurationPlatforms) = preSolution
		Debug|Any CPU = Debug|Any CPU
		Release|Any CPU = Release|Any CPU
	EndGlobalSection
	GlobalSection(ProjectConfigurationPlatforms) = postSolution
		{A6DA5A77-5EFD-48B0-BB81-4129E59412BD}.Debug|Any CPU.ActiveCfg = Debug|Any CPU
		{A6DA5A77-5EFD-48B0-BB81-4129E59412BD}.Debug|Any CPU.Build.0 = Debug|Any CPU
		{A6DA5A77-5EFD-48B0-BB81-4129E59412BD}.Release|Any CPU.ActiveCfg = Release|Any CPU
		{A6DA5A77-5EFD-48B0-BB81-4129E59412BD}.Release|Any CPU.Build.0 = Release|Any CPU
	EndGlobalSection
	GlobalSection(SolutionProperties) = preSolution
		HideSolutionNode = FALSE
	EndGlobalSection
	GlobalSection(ExtensibilityGlobals) = postSolution
		SolutionGuid = {28F2E559-5BDC-4725-8E6F-5B51CB865B2F}
	EndGlobalSection
EndGlobal
